
Microsoft Visual Studio Solution File, Format Version 12.00
# Visual Studio 15
Project("{FAE04EC0-301F-11D3-BF4B-00C04F79EFBC}") = "UnityEngine.TestRunner", "UnityEngine.TestRunner.csproj", "{68800690-8E7F-F1E8-C620-2DA5B0230C11}"
EndProject
Project("{FAE04EC0-301F-11D3-BF4B-00C04F79EFBC}") = "Unity.2D.Animation.Triangle.Runtime", "Unity.2D.Animation.Triangle.Runtime.csproj", "{4C7A543A-4A39-5721-C45E-6782A2B4BFD8}"
EndProject
Project("{FAE04EC0-301F-11D3-BF4B-00C04F79EFBC}") = "Assembly-CSharp", "Assembly-CSharp.csproj", "{BB44AB50-6CC9-F174-DFF5-0EC61559C3D8}"
EndProject
Project("{FAE04EC0-301F-11D3-BF4B-00C04F79EFBC}") = "Unity.TextMeshPro", "Unity.TextMeshPro.csproj", "{109CF1D4-33C2-1A6E-CDB1-FB749310A067}"
EndProject
Project("{FAE04EC0-301F-11D3-BF4B-00C04F79EFBC}") = "Unity.2D.Animation.Runtime", "Unity.2D.Animation.Runtime.csproj", "{5894E19B-777C-DB82-5FD2-33BBBA5F38C2}"
EndProject
Project("{FAE04EC0-301F-11D3-BF4B-00C04F79EFBC}") = "Unity.Timeline", "Unity.Timeline.csproj", "{CF29A357-EFB0-CB14-BC46-F5F6BFDF5994}"
EndProject
Project("{FAE04EC0-301F-11D3-BF4B-00C04F79EFBC}") = "Unity.Mathematics", "Unity.Mathematics.csproj", "{EFBF67D3-5880-42A9-3F7E-5C9BF55B3CEC}"
EndProject
Project("{FAE04EC0-301F-11D3-BF4B-00C04F79EFBC}") = "Assembly-CSharp-firstpass", "Assembly-CSharp-firstpass.csproj", "{87A104BE-E7D8-0A48-74C3-4CBCF0F4E85C}"
EndProject
Project("{FAE04EC0-301F-11D3-BF4B-00C04F79EFBC}") = "Unity.2D.SpriteShape.Runtime", "Unity.2D.SpriteShape.Runtime.csproj", "{FA000050-1F6F-A66C-D834-8031FD9A93CF}"
EndProject
Project("{FAE04EC0-301F-11D3-BF4B-00C04F79EFBC}") = "Unity.2D.PixelPerfect", "Unity.2D.PixelPerfect.csproj", "{3A2FEF65-7F3B-82F6-5CCA-3E7EEE745E4D}"
EndProject
Project("{FAE04EC0-301F-11D3-BF4B-00C04F79EFBC}") = "Unity.InternalAPIEngineBridge.001", "Unity.InternalAPIEngineBridge.001.csproj", "{6407200B-13F8-5395-04E4-3A5D4B33DE5C}"
EndProject
Project("{FAE04EC0-301F-11D3-BF4B-00C04F79EFBC}") = "Unity.2D.Common.Runtime", "Unity.2D.Common.Runtime.csproj", "{13CF254D-B68C-2AE2-C5D6-98A79AE2EBF6}"
EndProject
Project("{FAE04EC0-301F-11D3-BF4B-00C04F79EFBC}") = "Unity.TextMeshPro.Editor", "Unity.TextMeshPro.Editor.csproj", "{0486FACC-0E2E-790E-0F76-0E6955354C52}"
EndProject
Project("{FAE04EC0-301F-11D3-BF4B-00C04F79EFBC}") = "Unity.Timeline.Editor", "Unity.Timeline.Editor.csproj", "{9699BD6D-C698-DCF1-668C-003089E41032}"
EndProject
Project("{FAE04EC0-301F-11D3-BF4B-00C04F79EFBC}") = "UnityEditor.TestRunner", "UnityEditor.TestRunner.csproj", "{E4A1E3CA-2F5A-95FE-DE6F-9527EB6260C1}"
EndProject
Project("{FAE04EC0-301F-11D3-BF4B-00C04F79EFBC}") = "Unity.2D.Animation.Editor", "Unity.2D.Animation.Editor.csproj", "{2C530141-1A6D-5E78-DE57-01016FD755C4}"
EndProject
Project("{FAE04EC0-301F-11D3-BF4B-00C04F79EFBC}") = "Unity.2D.Path.Editor", "Unity.2D.Path.Editor.csproj", "{1502A00D-1459-238D-DA84-B4B9AF9594AD}"
EndProject
Project("{FAE04EC0-301F-11D3-BF4B-00C04F79EFBC}") = "Assembly-CSharp-Editor-firstpass", "Assembly-CSharp-Editor-firstpass.csproj", "{D4350C85-2FF0-EC51-DA2E-453BEF9542A1}"
EndProject
Project("{FAE04EC0-301F-11D3-BF4B-00C04F79EFBC}") = "Unity.Rider.Editor", "Unity.Rider.Editor.csproj", "{52EE1688-E2F4-091C-9104-10B2682B2A07}"
EndProject
Project("{FAE04EC0-301F-11D3-BF4B-00C04F79EFBC}") = "Unity.2D.SpriteShape.Editor", "Unity.2D.SpriteShape.Editor.csproj", "{125DD042-EB55-6A36-6A78-95A3725DD1BB}"
EndProject
Project("{FAE04EC0-301F-11D3-BF4B-00C04F79EFBC}") = "PsdPlugin", "PsdPlugin.csproj", "{A00D9E1B-0C1E-017F-E8B6-F2948818180E}"
EndProject
Project("{FAE04EC0-301F-11D3-BF4B-00C04F79EFBC}") = "Unity.CollabProxy.Editor", "Unity.CollabProxy.Editor.csproj", "{AB5A528E-515C-7502-6259-B1CC9AFDE376}"
EndProject
Project("{FAE04EC0-301F-11D3-BF4B-00C04F79EFBC}") = "Unity.2D.Common.Editor", "Unity.2D.Common.Editor.csproj", "{1586801D-C7A0-ADEB-789F-A0C87CEAB533}"
EndProject
Project("{FAE04EC0-301F-11D3-BF4B-00C04F79EFBC}") = "Unity.VSCode.Editor", "Unity.VSCode.Editor.csproj", "{46D7FB48-D128-7C08-2F94-367665AC72D5}"
EndProject
Project("{FAE04EC0-301F-11D3-BF4B-00C04F79EFBC}") = "Unity.2D.Psdimporter.Editor", "Unity.2D.Psdimporter.Editor.csproj", "{5156E6ED-0EE9-A1B7-7148-207A2FEF5493}"
EndProject
Project("{FAE04EC0-301F-11D3-BF4B-00C04F79EFBC}") = "Unity.2D.PixelPerfect.Editor", "Unity.2D.PixelPerfect.Editor.csproj", "{376EC850-1BEB-EAC1-9F66-ECEE3612FEC8}"
EndProject
Project("{FAE04EC0-301F-11D3-BF4B-00C04F79EFBC}") = "Unity.Mathematics.Editor", "Unity.Mathematics.Editor.csproj", "{DC2B91D9-B07A-8A69-666A-F1944236D98E}"
EndProject
Project("{FAE04EC0-301F-11D3-BF4B-00C04F79EFBC}") = "Unity.InternalAPIEditorBridge.001", "Unity.InternalAPIEditorBridge.001.csproj", "{E2D6E6B7-D433-BFA4-D76C-876F1C0AE568}"
EndProject
Global
	GlobalSection(SolutionConfigurationPlatforms) = preSolution
		Debug|Any CPU = Debug|Any CPU
		Release|Any CPU = Release|Any CPU
	EndGlobalSection
	GlobalSection(ProjectConfigurationPlatforms) = postSolution
		{68800690-8E7F-F1E8-C620-2DA5B0230C11}.Debug|Any CPU.ActiveCfg = Debug|Any CPU
		{68800690-8E7F-F1E8-C620-2DA5B0230C11}.Debug|Any CPU.Build.0 = Debug|Any CPU
		{68800690-8E7F-F1E8-C620-2DA5B0230C11}.Release|Any CPU.ActiveCfg = Release|Any CPU
		{68800690-8E7F-F1E8-C620-2DA5B0230C11}.Release|Any CPU.Build.0 = Release|Any CPU
		{4C7A543A-4A39-5721-C45E-6782A2B4BFD8}.Debug|Any CPU.ActiveCfg = Debug|Any CPU
		{4C7A543A-4A39-5721-C45E-6782A2B4BFD8}.Debug|Any CPU.Build.0 = Debug|Any CPU
		{4C7A543A-4A39-5721-C45E-6782A2B4BFD8}.Release|Any CPU.ActiveCfg = Release|Any CPU
		{4C7A543A-4A39-5721-C45E-6782A2B4BFD8}.Release|Any CPU.Build.0 = Release|Any CPU
		{BB44AB50-6CC9-F174-DFF5-0EC61559C3D8}.Debug|Any CPU.ActiveCfg = Debug|Any CPU
		{BB44AB50-6CC9-F174-DFF5-0EC61559C3D8}.Debug|Any CPU.Build.0 = Debug|Any CPU
		{BB44AB50-6CC9-F174-DFF5-0EC61559C3D8}.Release|Any CPU.ActiveCfg = Release|Any CPU
		{BB44AB50-6CC9-F174-DFF5-0EC61559C3D8}.Release|Any CPU.Build.0 = Release|Any CPU
		{109CF1D4-33C2-1A6E-CDB1-FB749310A067}.Debug|Any CPU.ActiveCfg = Debug|Any CPU
		{109CF1D4-33C2-1A6E-CDB1-FB749310A067}.Debug|Any CPU.Build.0 = Debug|Any CPU
		{109CF1D4-33C2-1A6E-CDB1-FB749310A067}.Release|Any CPU.ActiveCfg = Release|Any CPU
		{109CF1D4-33C2-1A6E-CDB1-FB749310A067}.Release|Any CPU.Build.0 = Release|Any CPU
		{5894E19B-777C-DB82-5FD2-33BBBA5F38C2}.Debug|Any CPU.ActiveCfg = Debug|Any CPU
		{5894E19B-777C-DB82-5FD2-33BBBA5F38C2}.Debug|Any CPU.Build.0 = Debug|Any CPU
		{5894E19B-777C-DB82-5FD2-33BBBA5F38C2}.Release|Any CPU.ActiveCfg = Release|Any CPU
		{5894E19B-777C-DB82-5FD2-33BBBA5F38C2}.Release|Any CPU.Build.0 = Release|Any CPU
		{CF29A357-EFB0-CB14-BC46-F5F6BFDF5994}.Debug|Any CPU.ActiveCfg = Debug|Any CPU
		{CF29A357-EFB0-CB14-BC46-F5F6BFDF5994}.Debug|Any CPU.Build.0 = Debug|Any CPU
		{CF29A357-EFB0-CB14-BC46-F5F6BFDF5994}.Release|Any CPU.ActiveCfg = Release|Any CPU
		{CF29A357-EFB0-CB14-BC46-F5F6BFDF5994}.Release|Any CPU.Build.0 = Release|Any CPU
		{EFBF67D3-5880-42A9-3F7E-5C9BF55B3CEC}.Debug|Any CPU.ActiveCfg = Debug|Any CPU
		{EFBF67D3-5880-42A9-3F7E-5C9BF55B3CEC}.Debug|Any CPU.Build.0 = Debug|Any CPU
		{EFBF67D3-5880-42A9-3F7E-5C9BF55B3CEC}.Release|Any CPU.ActiveCfg = Release|Any CPU
		{EFBF67D3-5880-42A9-3F7E-5C9BF55B3CEC}.Release|Any CPU.Build.0 = Release|Any CPU
		{87A104BE-E7D8-0A48-74C3-4CBCF0F4E85C}.Debug|Any CPU.ActiveCfg = Debug|Any CPU
		{87A104BE-E7D8-0A48-74C3-4CBCF0F4E85C}.Debug|Any CPU.Build.0 = Debug|Any CPU
		{87A104BE-E7D8-0A48-74C3-4CBCF0F4E85C}.Release|Any CPU.ActiveCfg = Release|Any CPU
		{87A104BE-E7D8-0A48-74C3-4CBCF0F4E85C}.Release|Any CPU.Build.0 = Release|Any CPU
		{FA000050-1F6F-A66C-D834-8031FD9A93CF}.Debug|Any CPU.ActiveCfg = Debug|Any CPU
		{FA000050-1F6F-A66C-D834-8031FD9A93CF}.Debug|Any CPU.Build.0 = Debug|Any CPU
		{FA000050-1F6F-A66C-D834-8031FD9A93CF}.Release|Any CPU.ActiveCfg = Release|Any CPU
		{FA000050-1F6F-A66C-D834-8031FD9A93CF}.Release|Any CPU.Build.0 = Release|Any CPU
		{3A2FEF65-7F3B-82F6-5CCA-3E7EEE745E4D}.Debug|Any CPU.ActiveCfg = Debug|Any CPU
		{3A2FEF65-7F3B-82F6-5CCA-3E7EEE745E4D}.Debug|Any CPU.Build.0 = Debug|Any CPU
		{3A2FEF65-7F3B-82F6-5CCA-3E7EEE745E4D}.Release|Any CPU.ActiveCfg = Release|Any CPU
		{3A2FEF65-7F3B-82F6-5CCA-3E7EEE745E4D}.Release|Any CPU.Build.0 = Release|Any CPU
		{6407200B-13F8-5395-04E4-3A5D4B33DE5C}.Debug|Any CPU.ActiveCfg = Debug|Any CPU
		{6407200B-13F8-5395-04E4-3A5D4B33DE5C}.Debug|Any CPU.Build.0 = Debug|Any CPU
		{6407200B-13F8-5395-04E4-3A5D4B33DE5C}.Release|Any CPU.ActiveCfg = Release|Any CPU
		{6407200B-13F8-5395-04E4-3A5D4B33DE5C}.Release|Any CPU.Build.0 = Release|Any CPU
		{13CF254D-B68C-2AE2-C5D6-98A79AE2EBF6}.Debug|Any CPU.ActiveCfg = Debug|Any CPU
		{13CF254D-B68C-2AE2-C5D6-98A79AE2EBF6}.Debug|Any CPU.Build.0 = Debug|Any CPU
		{13CF254D-B68C-2AE2-C5D6-98A79AE2EBF6}.Release|Any CPU.ActiveCfg = Release|Any CPU
		{13CF254D-B68C-2AE2-C5D6-98A79AE2EBF6}.Release|Any CPU.Build.0 = Release|Any CPU
		{0486FACC-0E2E-790E-0F76-0E6955354C52}.Debug|Any CPU.ActiveCfg = Debug|Any CPU
		{0486FACC-0E2E-790E-0F76-0E6955354C52}.Debug|Any CPU.Build.0 = Debug|Any CPU
		{0486FACC-0E2E-790E-0F76-0E6955354C52}.Release|Any CPU.ActiveCfg = Release|Any CPU
		{0486FACC-0E2E-790E-0F76-0E6955354C52}.Release|Any CPU.Build.0 = Release|Any CPU
		{9699BD6D-C698-DCF1-668C-003089E41032}.Debug|Any CPU.ActiveCfg = Debug|Any CPU
		{9699BD6D-C698-DCF1-668C-003089E41032}.Debug|Any CPU.Build.0 = Debug|Any CPU
		{9699BD6D-C698-DCF1-668C-003089E41032}.Release|Any CPU.ActiveCfg = Release|Any CPU
		{9699BD6D-C698-DCF1-668C-003089E41032}.Release|Any CPU.Build.0 = Release|Any CPU
		{E4A1E3CA-2F5A-95FE-DE6F-9527EB6260C1}.Debug|Any CPU.ActiveCfg = Debug|Any CPU
		{E4A1E3CA-2F5A-95FE-DE6F-9527EB6260C1}.Debug|Any CPU.Build.0 = Debug|Any CPU
		{E4A1E3CA-2F5A-95FE-DE6F-9527EB6260C1}.Release|Any CPU.ActiveCfg = Release|Any CPU
		{E4A1E3CA-2F5A-95FE-DE6F-9527EB6260C1}.Release|Any CPU.Build.0 = Release|Any CPU
		{2C530141-1A6D-5E78-DE57-01016FD755C4}.Debug|Any CPU.ActiveCfg = Debug|Any CPU
		{2C530141-1A6D-5E78-DE57-01016FD755C4}.Debug|Any CPU.Build.0 = Debug|Any CPU
		{2C530141-1A6D-5E78-DE57-01016FD755C4}.Release|Any CPU.ActiveCfg = Release|Any CPU
		{2C530141-1A6D-5E78-DE57-01016FD755C4}.Release|Any CPU.Build.0 = Release|Any CPU
		{1502A00D-1459-238D-DA84-B4B9AF9594AD}.Debug|Any CPU.ActiveCfg = Debug|Any CPU
		{1502A00D-1459-238D-DA84-B4B9AF9594AD}.Debug|Any CPU.Build.0 = Debug|Any CPU
		{1502A00D-1459-238D-DA84-B4B9AF9594AD}.Release|Any CPU.ActiveCfg = Release|Any CPU
		{1502A00D-1459-238D-DA84-B4B9AF9594AD}.Release|Any CPU.Build.0 = Release|Any CPU
		{D4350C85-2FF0-EC51-DA2E-453BEF9542A1}.Debug|Any CPU.ActiveCfg = Debug|Any CPU
		{D4350C85-2FF0-EC51-DA2E-453BEF9542A1}.Debug|Any CPU.Build.0 = Debug|Any CPU
		{D4350C85-2FF0-EC51-DA2E-453BEF9542A1}.Release|Any CPU.ActiveCfg = Release|Any CPU
		{D4350C85-2FF0-EC51-DA2E-453BEF9542A1}.Release|Any CPU.Build.0 = Release|Any CPU
		{52EE1688-E2F4-091C-9104-10B2682B2A07}.Debug|Any CPU.ActiveCfg = Debug|Any CPU
		{52EE1688-E2F4-091C-9104-10B2682B2A07}.Debug|Any CPU.Build.0 = Debug|Any CPU
		{52EE1688-E2F4-091C-9104-10B2682B2A07}.Release|Any CPU.ActiveCfg = Release|Any CPU
		{52EE1688-E2F4-091C-9104-10B2682B2A07}.Release|Any CPU.Build.0 = Release|Any CPU
		{125DD042-EB55-6A36-6A78-95A3725DD1BB}.Debug|Any CPU.ActiveCfg = Debug|Any CPU
		{125DD042-EB55-6A36-6A78-95A3725DD1BB}.Debug|Any CPU.Build.0 = Debug|Any CPU
		{125DD042-EB55-6A36-6A78-95A3725DD1BB}.Release|Any CPU.ActiveCfg = Release|Any CPU
		{125DD042-EB55-6A36-6A78-95A3725DD1BB}.Release|Any CPU.Build.0 = Release|Any CPU
		{A00D9E1B-0C1E-017F-E8B6-F2948818180E}.Debug|Any CPU.ActiveCfg = Debug|Any CPU
		{A00D9E1B-0C1E-017F-E8B6-F2948818180E}.Debug|Any CPU.Build.0 = Debug|Any CPU
		{A00D9E1B-0C1E-017F-E8B6-F2948818180E}.Release|Any CPU.ActiveCfg = Release|Any CPU
		{A00D9E1B-0C1E-017F-E8B6-F2948818180E}.Release|Any CPU.Build.0 = Release|Any CPU
		{AB5A528E-515C-7502-6259-B1CC9AFDE376}.Debug|Any CPU.ActiveCfg = Debug|Any CPU
		{AB5A528E-515C-7502-6259-B1CC9AFDE376}.Debug|Any CPU.Build.0 = Debug|Any CPU
		{AB5A528E-515C-7502-6259-B1CC9AFDE376}.Release|Any CPU.ActiveCfg = Release|Any CPU
		{AB5A528E-515C-7502-6259-B1CC9AFDE376}.Release|Any CPU.Build.0 = Release|Any CPU
		{1586801D-C7A0-ADEB-789F-A0C87CEAB533}.Debug|Any CPU.ActiveCfg = Debug|Any CPU
		{1586801D-C7A0-ADEB-789F-A0C87CEAB533}.Debug|Any CPU.Build.0 = Debug|Any CPU
		{1586801D-C7A0-ADEB-789F-A0C87CEAB533}.Release|Any CPU.ActiveCfg = Release|Any CPU
		{1586801D-C7A0-ADEB-789F-A0C87CEAB533}.Release|Any CPU.Build.0 = Release|Any CPU
		{46D7FB48-D128-7C08-2F94-367665AC72D5}.Debug|Any CPU.ActiveCfg = Debug|Any CPU
		{46D7FB48-D128-7C08-2F94-367665AC72D5}.Debug|Any CPU.Build.0 = Debug|Any CPU
		{46D7FB48-D128-7C08-2F94-367665AC72D5}.Release|Any CPU.ActiveCfg = Release|Any CPU
		{46D7FB48-D128-7C08-2F94-367665AC72D5}.Release|Any CPU.Build.0 = Release|Any CPU
		{5156E6ED-0EE9-A1B7-7148-207A2FEF5493}.Debug|Any CPU.ActiveCfg = Debug|Any CPU
		{5156E6ED-0EE9-A1B7-7148-207A2FEF5493}.Debug|Any CPU.Build.0 = Debug|Any CPU
		{5156E6ED-0EE9-A1B7-7148-207A2FEF5493}.Release|Any CPU.ActiveCfg = Release|Any CPU
		{5156E6ED-0EE9-A1B7-7148-207A2FEF5493}.Release|Any CPU.Build.0 = Release|Any CPU
		{376EC850-1BEB-EAC1-9F66-ECEE3612FEC8}.Debug|Any CPU.ActiveCfg = Debug|Any CPU
		{376EC850-1BEB-EAC1-9F66-ECEE3612FEC8}.Debug|Any CPU.Build.0 = Debug|Any CPU
		{376EC850-1BEB-EAC1-9F66-ECEE3612FEC8}.Release|Any CPU.ActiveCfg = Release|Any CPU
		{376EC850-1BEB-EAC1-9F66-ECEE3612FEC8}.Release|Any CPU.Build.0 = Release|Any CPU
		{DC2B91D9-B07A-8A69-666A-F1944236D98E}.Debug|Any CPU.ActiveCfg = Debug|Any CPU
		{DC2B91D9-B07A-8A69-666A-F1944236D98E}.Debug|Any CPU.Build.0 = Debug|Any CPU
		{DC2B91D9-B07A-8A69-666A-F1944236D98E}.Release|Any CPU.ActiveCfg = Release|Any CPU
		{DC2B91D9-B07A-8A69-666A-F1944236D98E}.Release|Any CPU.Build.0 = Release|Any CPU
		{E2D6E6B7-D433-BFA4-D76C-876F1C0AE568}.Debug|Any CPU.ActiveCfg = Debug|Any CPU
		{E2D6E6B7-D433-BFA4-D76C-876F1C0AE568}.Debug|Any CPU.Build.0 = Debug|Any CPU
		{E2D6E6B7-D433-BFA4-D76C-876F1C0AE568}.Release|Any CPU.ActiveCfg = Release|Any CPU
		{E2D6E6B7-D433-BFA4-D76C-876F1C0AE568}.Release|Any CPU.Build.0 = Release|Any CPU
	EndGlobalSection
	GlobalSection(SolutionProperties) = preSolution
		HideSolutionNode = FALSE
	EndGlobalSection
EndGlobal
